{
  "name": "vitepress-theme-custom",
  "version": "0.1.0",
  "lockfileVersion": 3,
  "requires": true,
  "packages": {
    "": {
      "name": "vitepress-theme-custom",
      "version": "0.1.0",
      "license": "MIT",
      "devDependencies": {
        "autoprefixer": "^10.4.20",
        "element-plus": "^2.8.6",
        "flowbite": "^2.5.2",
        "postcss": "^8.4.47",
        "tailwindcss": "^3.4.14",
        "unplugin-auto-import": "^0.18.3",
        "unplugin-vue-components": "^0.27.4",
        "vite": "^5.4.9",
        "vitepress": "^1.4.1",
        "vue": "^3.5.12"
      }
    },
    "../../node_modules/.pnpm/autoprefixer@10.4.20_postcss@8.4.47/node_modules/autoprefixer": {
      "version": "10.4.20",
      "dev": true,
      "funding": [
        {
          "type": "opencollective",
          "url": "https://opencollective.com/postcss/"
        },
        {
          "type": "tidelift",
          "url": "https://tidelift.com/funding/github/npm/autoprefixer"
        },
        {
          "type": "github",
          "url": "https://github.com/sponsors/ai"
        }
      ],
      "license": "MIT",
      "dependencies": {
        "browserslist": "^4.23.3",
        "caniuse-lite": "^1.0.30001646",
        "fraction.js": "^4.3.7",
        "normalize-range": "^0.1.2",
        "picocolors": "^1.0.1",
        "postcss-value-parser": "^4.2.0"
      },
      "bin": {
        "autoprefixer": "bin/autoprefixer"
      },
      "engines": {
        "node": "^10 || ^12 || >=14"
      },
      "peerDependencies": {
        "postcss": "^8.1.0"
      }
    },
    "../../node_modules/.pnpm/element-plus@2.8.6_vue@3.5.12_typescript@5.6.3_/node_modules/element-plus": {
      "version": "2.8.6",
      "dev": true,
      "license": "MIT",
      "dependencies": {
        "@ctrl/tinycolor": "^3.4.1",
        "@element-plus/icons-vue": "^2.3.1",
        "@floating-ui/dom": "^1.0.1",
        "@popperjs/core": "npm:@sxzz/popperjs-es@^2.11.7",
        "@types/lodash": "^4.14.182",
        "@types/lodash-es": "^4.17.6",
        "@vueuse/core": "^9.1.0",
        "async-validator": "^4.2.5",
        "dayjs": "^1.11.3",
        "escape-html": "^1.0.3",
        "lodash": "^4.17.21",
        "lodash-es": "^4.17.21",
        "lodash-unified": "^1.0.2",
        "memoize-one": "^6.0.0",
        "normalize-wheel-es": "^1.2.0"
      },
      "devDependencies": {
        "@types/node": "*",
        "csstype": "^2.6.20",
        "vue": "^3.2.37",
        "vue-router": "^4.0.16"
      },
      "peerDependencies": {
        "vue": "^3.2.0"
      }
    },
    "../../node_modules/.pnpm/postcss@8.4.47/node_modules/postcss": {
      "version": "8.4.47",
      "dev": true,
      "funding": [
        {
          "type": "opencollective",
          "url": "https://opencollective.com/postcss/"
        },
        {
          "type": "tidelift",
          "url": "https://tidelift.com/funding/github/npm/postcss"
        },
        {
          "type": "github",
          "url": "https://github.com/sponsors/ai"
        }
      ],
      "license": "MIT",
      "dependencies": {
        "nanoid": "^3.3.7",
        "picocolors": "^1.1.0",
        "source-map-js": "^1.2.1"
      },
      "engines": {
        "node": "^10 || ^12 || >=14"
      }
    },
    "../../node_modules/.pnpm/tailwindcss@3.4.14/node_modules/tailwindcss": {
      "version": "3.4.14",
      "dev": true,
      "license": "MIT",
      "dependencies": {
        "@alloc/quick-lru": "^5.2.0",
        "arg": "^5.0.2",
        "chokidar": "^3.5.3",
        "didyoumean": "^1.2.2",
        "dlv": "^1.1.3",
        "fast-glob": "^3.3.0",
        "glob-parent": "^6.0.2",
        "is-glob": "^4.0.3",
        "jiti": "^1.21.0",
        "lilconfig": "^2.1.0",
        "micromatch": "^4.0.5",
        "normalize-path": "^3.0.0",
        "object-hash": "^3.0.0",
        "picocolors": "^1.0.0",
        "postcss": "^8.4.23",
        "postcss-import": "^15.1.0",
        "postcss-js": "^4.0.1",
        "postcss-load-config": "^4.0.1",
        "postcss-nested": "^6.0.1",
        "postcss-selector-parser": "^6.0.11",
        "resolve": "^1.22.2",
        "sucrase": "^3.32.0"
      },
      "bin": {
        "tailwind": "lib/cli.js",
        "tailwindcss": "lib/cli.js"
      },
      "devDependencies": {
        "@swc/cli": "^0.1.62",
        "@swc/core": "^1.3.55",
        "@swc/jest": "^0.2.26",
        "@swc/register": "^0.1.10",
        "autoprefixer": "^10.4.14",
        "browserslist": "^4.21.5",
        "concurrently": "^8.0.1",
        "cssnano": "^6.1.2",
        "esbuild": "^0.20.2",
        "eslint": "^8.39.0",
        "eslint-config-prettier": "^8.8.0",
        "eslint-plugin-prettier": "^4.2.1",
        "jest": "^29.6.0",
        "jest-diff": "^29.6.0",
        "lightningcss": "1.24.1",
        "prettier": "^2.8.8",
        "rimraf": "^5.0.0",
        "source-map-js": "^1.0.2",
        "turbo": "^1.9.3"
      },
      "engines": {
        "node": ">=14.0.0"
      }
    },
    "../../node_modules/.pnpm/unplugin-auto-import@0.18.3_@vueuse+core@11.1.0_vue@3.5.12_typescript@5.6.3___rollup@4.24.0/node_modules/unplugin-auto-import": {
      "version": "0.18.3",
      "dev": true,
      "license": "MIT",
      "dependencies": {
        "@antfu/utils": "^0.7.10",
        "@rollup/pluginutils": "^5.1.0",
        "fast-glob": "^3.3.2",
        "local-pkg": "^0.5.0",
        "magic-string": "^0.30.11",
        "minimatch": "^9.0.5",
        "unimport": "^3.12.0",
        "unplugin": "^1.14.1"
      },
      "devDependencies": {
        "@antfu/eslint-config": "^3.5.1",
        "@antfu/ni": "^0.23.0",
        "@nuxt/kit": "^3.13.1",
        "@svgr/plugin-jsx": "^8.1.0",
        "@types/node": "^22.5.4",
        "@types/resolve": "^1.20.6",
        "@vueuse/metadata": "^11.0.3",
        "bumpp": "^9.5.2",
        "eslint": "^9.10.0",
        "esno": "^4.7.0",
        "publint": "^0.2.10",
        "rollup": "^4.21.3",
        "tsup": "^8.2.4",
        "typescript": "^5.6.2",
        "vite": "^5.4.4",
        "vitest": "^2.0.5",
        "webpack": "^5.94.0"
      },
      "engines": {
        "node": ">=14"
      },
      "funding": {
        "url": "https://github.com/sponsors/antfu"
      },
      "peerDependencies": {
        "@nuxt/kit": "^3.2.2",
        "@vueuse/core": "*"
      },
      "peerDependenciesMeta": {
        "@nuxt/kit": {
          "optional": true
        },
        "@vueuse/core": {
          "optional": true
        }
      }
    },
    "../../node_modules/.pnpm/unplugin-vue-components@0.27.4_@babel+parser@7.25.8_rollup@4.24.0_vue@3.5.12_typescript@5.6.3_/node_modules/unplugin-vue-components": {
      "version": "0.27.4",
      "dev": true,
      "license": "MIT",
      "dependencies": {
        "@antfu/utils": "^0.7.10",
        "@rollup/pluginutils": "^5.1.0",
        "chokidar": "^3.6.0",
        "debug": "^4.3.6",
        "fast-glob": "^3.3.2",
        "local-pkg": "^0.5.0",
        "magic-string": "^0.30.11",
        "minimatch": "^9.0.5",
        "mlly": "^1.7.1",
        "unplugin": "^1.12.1"
      },
      "devDependencies": {
        "@antfu/eslint-config": "^2.25.1",
        "@babel/parser": "^7.25.3",
        "@babel/types": "^7.25.2",
        "@nuxt/kit": "^3.12.4",
        "@types/debug": "^4.1.12",
        "@types/minimatch": "^5.1.2",
        "@types/node": "^20.14.15",
        "bumpp": "^9.5.1",
        "compare-versions": "^6.1.1",
        "element-plus": "^2.8.0",
        "eslint": "^9.9.0",
        "eslint-plugin-format": "^0.1.2",
        "esno": "^4.7.0",
        "estree-walker": "^3.0.3",
        "pathe": "^1.1.2",
        "rollup": "^4.20.0",
        "tsup": "^8.2.4",
        "typescript": "^5.5.4",
        "vite": "^5.4.0",
        "vitest": "^2.0.5",
        "vue": "3.2.45"
      },
      "engines": {
        "node": ">=14"
      },
      "funding": {
        "url": "https://github.com/sponsors/antfu"
      },
      "peerDependencies": {
        "@babel/parser": "^7.15.8",
        "@nuxt/kit": "^3.2.2",
        "vue": "2 || 3"
      },
      "peerDependenciesMeta": {
        "@babel/parser": {
          "optional": true
        },
        "@nuxt/kit": {
          "optional": true
        }
      }
    },
    "../../node_modules/.pnpm/vite@5.4.9/node_modules/vite": {
      "version": "5.4.9",
      "dev": true,
      "license": "MIT",
      "dependencies": {
        "esbuild": "^0.21.3",
        "postcss": "^8.4.43",
        "rollup": "^4.20.0"
      },
      "bin": {
        "vite": "bin/vite.js"
      },
      "devDependencies": {
        "@ampproject/remapping": "^2.3.0",
        "@babel/parser": "^7.25.6",
        "@jridgewell/trace-mapping": "^0.3.25",
        "@polka/compression": "^1.0.0-next.25",
        "@rollup/plugin-alias": "^5.1.0",
        "@rollup/plugin-commonjs": "^26.0.1",
        "@rollup/plugin-dynamic-import-vars": "^2.1.2",
        "@rollup/plugin-json": "^6.1.0",
        "@rollup/plugin-node-resolve": "15.2.3",
        "@rollup/pluginutils": "^5.1.0",
        "@types/escape-html": "^1.0.4",
        "@types/pnpapi": "^0.0.5",
        "artichokie": "^0.2.1",
        "cac": "^6.7.14",
        "chokidar": "^3.6.0",
        "connect": "^3.7.0",
        "convert-source-map": "^2.0.0",
        "cors": "^2.8.5",
        "cross-spawn": "^7.0.3",
        "debug": "^4.3.6",
        "dep-types": "link:./src/types",
        "dotenv": "^16.4.5",
        "dotenv-expand": "^11.0.6",
        "es-module-lexer": "^1.5.4",
        "escape-html": "^1.0.3",
        "estree-walker": "^3.0.3",
        "etag": "^1.8.1",
        "fast-glob": "^3.3.2",
        "http-proxy": "^1.18.1",
        "launch-editor-middleware": "^2.9.1",
        "lightningcss": "^1.26.0",
        "magic-string": "^0.30.11",
        "micromatch": "^4.0.8",
        "mlly": "^1.7.1",
        "mrmime": "^2.0.0",
        "open": "^8.4.2",
        "parse5": "^7.1.2",
        "pathe": "^1.1.2",
        "periscopic": "^4.0.2",
        "picocolors": "^1.0.1",
        "picomatch": "^2.3.1",
        "postcss-import": "^16.1.0",
        "postcss-load-config": "^4.0.2",
        "postcss-modules": "^6.0.0",
        "resolve.exports": "^2.0.2",
        "rollup-plugin-dts": "^6.1.1",
        "rollup-plugin-esbuild": "^6.1.1",
        "rollup-plugin-license": "^3.5.2",
        "sass": "^1.77.8",
        "sass-embedded": "^1.77.8",
        "sirv": "^2.0.4",
        "source-map-support": "^0.5.21",
        "strip-ansi": "^7.1.0",
        "strip-literal": "^2.1.0",
        "tsconfck": "^3.1.4",
        "tslib": "^2.7.0",
        "types": "link:./types",
        "ufo": "^1.5.4",
        "ws": "^8.18.0"
      },
      "engines": {
        "node": "^18.0.0 || >=20.0.0"
      },
      "funding": {
        "url": "https://github.com/vitejs/vite?sponsor=1"
      },
      "optionalDependencies": {
        "fsevents": "~2.3.3"
      },
      "peerDependencies": {
        "@types/node": "^18.0.0 || >=20.0.0",
        "less": "*",
        "lightningcss": "^1.21.0",
        "sass": "*",
        "sass-embedded": "*",
        "stylus": "*",
        "sugarss": "*",
        "terser": "^5.4.0"
      },
      "peerDependenciesMeta": {
        "@types/node": {
          "optional": true
        },
        "less": {
          "optional": true
        },
        "lightningcss": {
          "optional": true
        },
        "sass": {
          "optional": true
        },
        "sass-embedded": {
          "optional": true
        },
        "stylus": {
          "optional": true
        },
        "sugarss": {
          "optional": true
        },
        "terser": {
          "optional": true
        }
      }
    },
    "../../node_modules/.pnpm/vitepress@1.4.1_@algolia+client-search@4.24.0_async-validator@4.2.5_postcss@8.4.47_search-ins_xauvgqmp6i6mbcz2no6hjzp3su/node_modules/vitepress": {
      "version": "1.4.1",
      "dev": true,
      "license": "MIT",
      "dependencies": {
        "@docsearch/css": "^3.6.2",
        "@docsearch/js": "^3.6.2",
        "@shikijs/core": "^1.22.0",
        "@shikijs/transformers": "^1.22.0",
        "@shikijs/types": "^1.22.0",
        "@types/markdown-it": "^14.1.2",
        "@vitejs/plugin-vue": "^5.1.4",
        "@vue/devtools-api": "^7.4.6",
        "@vue/shared": "^3.5.12",
        "@vueuse/core": "^11.1.0",
        "@vueuse/integrations": "^11.1.0",
        "focus-trap": "^7.6.0",
        "mark.js": "8.11.1",
        "minisearch": "^7.1.0",
        "shiki": "^1.22.0",
        "vite": "^5.4.8",
        "vue": "^3.5.12"
      },
      "bin": {
        "vitepress": "bin/vitepress.js"
      },
      "devDependencies": {
        "@clack/prompts": "^0.7.0",
        "@mdit-vue/plugin-component": "^2.1.3",
        "@mdit-vue/plugin-frontmatter": "^2.1.3",
        "@mdit-vue/plugin-headers": "^2.1.3",
        "@mdit-vue/plugin-sfc": "^2.1.3",
        "@mdit-vue/plugin-title": "^2.1.3",
        "@mdit-vue/plugin-toc": "^2.1.3",
        "@mdit-vue/shared": "^2.1.3",
        "@polka/compression": "^1.0.0-next.28",
        "@rollup/plugin-alias": "^5.1.1",
        "@rollup/plugin-commonjs": "^28.0.0",
        "@rollup/plugin-json": "^6.1.0",
        "@rollup/plugin-node-resolve": "^15.3.0",
        "@rollup/plugin-replace": "^6.0.1",
        "@types/cross-spawn": "^6.0.6",
        "@types/debug": "^4.1.12",
        "@types/fs-extra": "^11.0.4",
        "@types/lodash.template": "^4.5.3",
        "@types/mark.js": "^8.11.12",
        "@types/markdown-it-attrs": "^4.1.3",
        "@types/markdown-it-container": "^2.0.10",
        "@types/markdown-it-emoji": "^3.0.1",
        "@types/micromatch": "^4.0.9",
        "@types/minimist": "^1.2.5",
        "@types/node": "^22.7.5",
        "@types/postcss-prefix-selector": "^1.16.3",
        "@types/prompts": "^2.4.9",
        "chokidar": "^3.6.0",
        "conventional-changelog-cli": "^5.0.0",
        "cross-spawn": "^7.0.3",
        "debug": "^4.3.7",
        "esbuild": "^0.24.0",
        "execa": "^9.4.0",
        "fs-extra": "^11.2.0",
        "get-port": "^7.1.0",
        "gray-matter": "^4.0.3",
        "lint-staged": "^15.2.10",
        "lodash.template": "^4.5.0",
        "lru-cache": "^11.0.1",
        "markdown-it": "^14.1.0",
        "markdown-it-anchor": "^9.2.0",
        "markdown-it-attrs": "^4.2.0",
        "markdown-it-container": "^4.0.0",
        "markdown-it-emoji": "^3.0.0",
        "markdown-it-mathjax3": "^4.3.2",
        "micromatch": "^4.0.8",
        "minimist": "^1.2.8",
        "nanoid": "^5.0.7",
        "ora": "^8.1.0",
        "p-map": "^7.0.2",
        "path-to-regexp": "^6.3.0",
        "picocolors": "^1.1.0",
        "pkg-dir": "^8.0.0",
        "playwright-chromium": "^1.48.0",
        "polka": "^1.0.0-next.28",
        "postcss-prefix-selector": "^2.1.0",
        "prettier": "^3.3.3",
        "prompts": "^2.4.2",
        "punycode": "^2.3.1",
        "rimraf": "^6.0.1",
        "rollup": "^4.24.0",
        "rollup-plugin-dts": "^6.1.1",
        "rollup-plugin-esbuild": "^6.1.1",
        "semver": "^7.6.3",
        "simple-git-hooks": "^2.11.1",
        "sirv": "^3.0.0",
        "sitemap": "^8.0.0",
        "supports-color": "^9.4.0",
        "tinyglobby": "^0.2.9",
        "typescript": "^5.6.3",
        "vitest": "^2.1.2",
        "vue-tsc": "^2.1.6",
        "wait-on": "^8.0.1"
      },
      "peerDependencies": {
        "markdown-it-mathjax3": "^4",
        "postcss": "^8"
      },
      "peerDependenciesMeta": {
        "markdown-it-mathjax3": {
          "optional": true
        },
        "postcss": {
          "optional": true
        }
      }
    },
    "../../node_modules/.pnpm/vue@3.5.12_typescript@5.6.3/node_modules/vue": {
      "version": "3.5.12",
      "dev": true,
      "license": "MIT",
      "dependencies": {
        "@vue/compiler-dom": "3.5.12",
        "@vue/compiler-sfc": "3.5.12",
        "@vue/runtime-dom": "3.5.12",
        "@vue/server-renderer": "3.5.12",
        "@vue/shared": "3.5.12"
      },
      "peerDependencies": {
        "typescript": "*"
      },
      "peerDependenciesMeta": {
        "typescript": {
          "optional": true
        }
      }
    },
    "node_modules/@popperjs/core": {
      "version": "2.11.8",
      "resolved": "https://registry.npmmirror.com/@popperjs/core/-/core-2.11.8.tgz",
      "integrity": "sha512-P1st0aksCrn9sGZhp8GMYwBnQsbvAWsZAX44oXNNvLHGqAOcoVxmjZiohstwQ7SqKnbR47akdNi+uleWD8+g6A==",
      "dev": true,
      "license": "MIT",
      "funding": {
        "type": "opencollective",
        "url": "https://opencollective.com/popperjs"
      }
    },
    "node_modules/@rollup/plugin-node-resolve": {
      "version": "15.3.0",
      "resolved": "https://registry.npmmirror.com/@rollup/plugin-node-resolve/-/plugin-node-resolve-15.3.0.tgz",
      "integrity": "sha512-9eO5McEICxMzJpDW9OnMYSv4Sta3hmt7VtBFz5zR9273suNOydOyq/FrGeGy+KsTRFm8w0SLVhzig2ILFT63Ag==",
      "dev": true,
      "license": "MIT",
      "dependencies": {
        "@rollup/pluginutils": "^5.0.1",
        "@types/resolve": "1.20.2",
        "deepmerge": "^4.2.2",
        "is-module": "^1.0.0",
        "resolve": "^1.22.1"
      },
      "engines": {
        "node": ">=14.0.0"
      },
      "peerDependencies": {
        "rollup": "^2.78.0||^3.0.0||^4.0.0"
      },
      "peerDependenciesMeta": {
        "rollup": {
          "optional": true
        }
      }
    },
    "node_modules/@rollup/pluginutils": {
      "version": "5.1.2",
      "resolved": "https://registry.npmmirror.com/@rollup/pluginutils/-/pluginutils-5.1.2.tgz",
      "integrity": "sha512-/FIdS3PyZ39bjZlwqFnWqCOVnW7o963LtKMwQOD0NhQqw22gSr2YY1afu3FxRip4ZCZNsD5jq6Aaz6QV3D/Njw==",
      "dev": true,
      "license": "MIT",
      "dependencies": {
        "@types/estree": "^1.0.0",
        "estree-walker": "^2.0.2",
        "picomatch": "^2.3.1"
      },
      "engines": {
        "node": ">=14.0.0"
      },
      "peerDependencies": {
        "rollup": "^1.20.0||^2.0.0||^3.0.0||^4.0.0"
      },
      "peerDependenciesMeta": {
        "rollup": {
          "optional": true
        }
      }
    },
    "node_modules/@types/estree": {
      "version": "1.0.6",
      "resolved": "https://registry.npmmirror.com/@types/estree/-/estree-1.0.6.tgz",
      "integrity": "sha512-AYnb1nQyY49te+VRAVgmzfcgjYS91mY5P0TKUDCLEM+gNnA+3T6rWITXRLYCpahpqSQbN5cE+gHpnPyXjHWxcw==",
      "dev": true,
      "license": "MIT"
    },
    "node_modules/@types/resolve": {
      "version": "1.20.2",
      "resolved": "https://registry.npmmirror.com/@types/resolve/-/resolve-1.20.2.tgz",
      "integrity": "sha512-60BCwRFOZCQhDncwQdxxeOEEkbc5dIMccYLwbxsS4TUNeVECQ/pBJ0j09mrHOl/JJvpRPGwO9SvE4nR2Nb/a4Q==",
      "dev": true,
      "license": "MIT"
    },
    "node_modules/autoprefixer": {
      "resolved": "../../node_modules/.pnpm/autoprefixer@10.4.20_postcss@8.4.47/node_modules/autoprefixer",
      "link": true
    },
    "node_modules/deepmerge": {
      "version": "4.3.1",
      "resolved": "https://registry.npmmirror.com/deepmerge/-/deepmerge-4.3.1.tgz",
      "integrity": "sha512-3sUqbMEc77XqpdNO7FRyRog+eW3ph+GYCbj+rK+uYyRMuwsVy0rMiVtPn+QJlKFvWP/1PYpapqYn0Me2knFn+A==",
      "dev": true,
      "license": "MIT",
      "engines": {
        "node": ">=0.10.0"
      }
    },
    "node_modules/element-plus": {
      "resolved": "../../node_modules/.pnpm/element-plus@2.8.6_vue@3.5.12_typescript@5.6.3_/node_modules/element-plus",
      "link": true
    },
    "node_modules/estree-walker": {
      "version": "2.0.2",
      "resolved": "https://registry.npmmirror.com/estree-walker/-/estree-walker-2.0.2.tgz",
      "integrity": "sha512-Rfkk/Mp/DL7JVje3u18FxFujQlTNR2q6QfMSMB7AvCBx91NGj/ba3kCfza0f6dVDbw7YlRf/nDrn7pQrCCyQ/w==",
      "dev": true,
      "license": "MIT"
    },
    "node_modules/flowbite": {
      "version": "2.5.2",
      "resolved": "https://registry.npmmirror.com/flowbite/-/flowbite-2.5.2.tgz",
      "integrity": "sha512-kwFD3n8/YW4EG8GlY3Od9IoKND97kitO+/ejISHSqpn3vw2i5K/+ZI8Jm2V+KC4fGdnfi0XZ+TzYqQb4Q1LshA==",
      "dev": true,
      "license": "MIT",
      "dependencies": {
        "@popperjs/core": "^2.9.3",
        "flowbite-datepicker": "^1.3.0",
        "mini-svg-data-uri": "^1.4.3"
      }
    },
    "node_modules/flowbite-datepicker": {
      "version": "1.3.0",
      "resolved": "https://registry.npmmirror.com/flowbite-datepicker/-/flowbite-datepicker-1.3.0.tgz",
      "integrity": "sha512-CLVqzuoE2vkUvWYK/lJ6GzT0be5dlTbH3uuhVwyB67+PjqJWABm2wv68xhBf5BqjpBxvTSQ3mrmLHpPJ2tvrSQ==",
      "dev": true,
      "license": "MIT",
      "dependencies": {
        "@rollup/plugin-node-resolve": "^15.2.3",
        "flowbite": "^2.0.0"
      }
    },
    "node_modules/function-bind": {
      "version": "1.1.2",
      "resolved": "https://registry.npmmirror.com/function-bind/-/function-bind-1.1.2.tgz",
      "integrity": "sha512-7XHNxH7qX9xG5mIwxkhumTox/MIRNcOgDrxWsMt2pAr23WHp6MrRlN7FBSFpCpr+oVO0F744iUgR82nJMfG2SA==",
      "dev": true,
      "license": "MIT",
      "funding": {
        "url": "https://github.com/sponsors/ljharb"
      }
    },
    "node_modules/hasown": {
      "version": "2.0.2",
      "resolved": "https://registry.npmmirror.com/hasown/-/hasown-2.0.2.tgz",
      "integrity": "sha512-0hJU9SCPvmMzIBdZFqNPXWa6dqh7WdH0cII9y+CyS8rG3nL48Bclra9HmKhVVUHyPWNH5Y7xDwAB7bfgSjkUMQ==",
      "dev": true,
      "license": "MIT",
      "dependencies": {
        "function-bind": "^1.1.2"
      },
      "engines": {
        "node": ">= 0.4"
      }
    },
    "node_modules/is-core-module": {
      "version": "2.15.1",
      "resolved": "https://registry.npmmirror.com/is-core-module/-/is-core-module-2.15.1.tgz",
      "integrity": "sha512-z0vtXSwucUJtANQWldhbtbt7BnL0vxiFjIdDLAatwhDYty2bad6s+rijD6Ri4YuYJubLzIJLUidCh09e1djEVQ==",
      "dev": true,
      "license": "MIT",
      "dependencies": {
        "hasown": "^2.0.2"
      },
      "engines": {
        "node": ">= 0.4"
      },
      "funding": {
        "url": "https://github.com/sponsors/ljharb"
      }
    },
    "node_modules/is-module": {
      "version": "1.0.0",
      "resolved": "https://registry.npmmirror.com/is-module/-/is-module-1.0.0.tgz",
      "integrity": "sha512-51ypPSPCoTEIN9dy5Oy+h4pShgJmPCygKfyRCISBI+JoWT/2oJvK8QPxmwv7b/p239jXrm9M1mlQbyKJ5A152g==",
      "dev": true,
      "license": "MIT"
    },
    "node_modules/mini-svg-data-uri": {
      "version": "1.4.4",
      "resolved": "https://registry.npmmirror.com/mini-svg-data-uri/-/mini-svg-data-uri-1.4.4.tgz",
      "integrity": "sha512-r9deDe9p5FJUPZAk3A59wGH7Ii9YrjjWw0jmw/liSbHl2CHiyXj6FcDXDu2K3TjVAXqiJdaw3xxwlZZr9E6nHg==",
      "dev": true,
      "license": "MIT",
      "bin": {
        "mini-svg-data-uri": "cli.js"
      }
    },
    "node_modules/path-parse": {
      "version": "1.0.7",
      "resolved": "https://registry.npmmirror.com/path-parse/-/path-parse-1.0.7.tgz",
      "integrity": "sha512-LDJzPVEEEPR+y48z93A0Ed0yXb8pAByGWo/k5YYdYgpY2/2EsOsksJrq7lOHxryrVOn1ejG6oAp8ahvOIQD8sw==",
      "dev": true,
      "license": "MIT"
    },
    "node_modules/picomatch": {
      "version": "2.3.1",
      "resolved": "https://registry.npmmirror.com/picomatch/-/picomatch-2.3.1.tgz",
      "integrity": "sha512-JU3teHTNjmE2VCGFzuY8EXzCDVwEqB2a8fsIvwaStHhAWJEeVd1o1QD80CU6+ZdEXXSLbSsuLwJjkCBWqRQUVA==",
      "dev": true,
      "license": "MIT",
      "engines": {
        "node": ">=8.6"
      },
      "funding": {
        "url": "https://github.com/sponsors/jonschlinkert"
      }
    },
    "node_modules/postcss": {
      "resolved": "../../node_modules/.pnpm/postcss@8.4.47/node_modules/postcss",
      "link": true
    },
    "node_modules/resolve": {
      "version": "1.22.8",
      "resolved": "https://registry.npmmirror.com/resolve/-/resolve-1.22.8.tgz",
      "integrity": "sha512-oKWePCxqpd6FlLvGV1VU0x7bkPmmCNolxzjMf4NczoDnQcIWrAF+cPtZn5i6n+RfD2d9i0tzpKnG6Yk168yIyw==",
      "dev": true,
      "license": "MIT",
      "dependencies": {
        "is-core-module": "^2.13.0",
        "path-parse": "^1.0.7",
        "supports-preserve-symlinks-flag": "^1.0.0"
      },
      "bin": {
        "resolve": "bin/resolve"
      },
      "funding": {
        "url": "https://github.com/sponsors/ljharb"
      }
    },
    "node_modules/supports-preserve-symlinks-flag": {
      "version": "1.0.0",
      "resolved": "https://registry.npmmirror.com/supports-preserve-symlinks-flag/-/supports-preserve-symlinks-flag-1.0.0.tgz",
      "integrity": "sha512-ot0WnXS9fgdkgIcePe6RHNk1WA8+muPa6cSjeR3V8K27q9BB1rTE3R1p7Hv0z1ZyAc8s6Vvv8DIyWf681MAt0w==",
      "dev": true,
      "license": "MIT",
      "engines": {
        "node": ">= 0.4"
      },
      "funding": {
        "url": "https://github.com/sponsors/ljharb"
      }
    },
    "node_modules/tailwindcss": {
      "resolved": "../../node_modules/.pnpm/tailwindcss@3.4.14/node_modules/tailwindcss",
      "link": true
    },
    "node_modules/unplugin-auto-import": {
      "resolved": "../../node_modules/.pnpm/unplugin-auto-import@0.18.3_@vueuse+core@11.1.0_vue@3.5.12_typescript@5.6.3___rollup@4.24.0/node_modules/unplugin-auto-import",
      "link": true
    },
    "node_modules/unplugin-vue-components": {
      "resolved": "../../node_modules/.pnpm/unplugin-vue-components@0.27.4_@babel+parser@7.25.8_rollup@4.24.0_vue@3.5.12_typescript@5.6.3_/node_modules/unplugin-vue-components",
      "link": true
    },
    "node_modules/vite": {
      "resolved": "../../node_modules/.pnpm/vite@5.4.9/node_modules/vite",
      "link": true
    },
    "node_modules/vitepress": {
      "resolved": "../../node_modules/.pnpm/vitepress@1.4.1_@algolia+client-search@4.24.0_async-validator@4.2.5_postcss@8.4.47_search-ins_xauvgqmp6i6mbcz2no6hjzp3su/node_modules/vitepress",
      "link": true
    },
    "node_modules/vue": {
      "resolved": "../../node_modules/.pnpm/vue@3.5.12_typescript@5.6.3/node_modules/vue",
      "link": true
    }
  }
}
